// !$*UTF8*$!
{
	archiveVersion = 1;
	classes = {
	};
	objectVersion = 50;
	objects = {

/* Begin PBXBuildFile section */
		F949AB5126B697BC00867A50 /* AppDelegate.swift in Sources */ = {isa = PBXBuildFile; fileRef = F949AB5026B697BC00867A50 /* AppDelegate.swift */; };
		F949AB5326B697BC00867A50 /* SceneDelegate.swift in Sources */ = {isa = PBXBuildFile; fileRef = F949AB5226B697BC00867A50 /* SceneDelegate.swift */; };
		F949AB5526B697BC00867A50 /* ContentView.swift in Sources */ = {isa = PBXBuildFile; fileRef = F949AB5426B697BC00867A50 /* ContentView.swift */; };
		F949AB5826B697BC00867A50 /* SwiftUiLogin_in.xcdatamodeld in Sources */ = {isa = PBXBuildFile; fileRef = F949AB5626B697BC00867A50 /* SwiftUiLogin_in.xcdatamodeld */; };
		F949AB5A26B697BD00867A50 /* Assets.xcassets in Resources */ = {isa = PBXBuildFile; fileRef = F949AB5926B697BD00867A50 /* Assets.xcassets */; };
		F949AB5D26B697BD00867A50 /* Preview Assets.xcassets in Resources */ = {isa = PBXBuildFile; fileRef = F949AB5C26B697BD00867A50 /* Preview Assets.xcassets */; };
		F949AB6026B697BD00867A50 /* LaunchScreen.storyboard in Resources */ = {isa = PBXBuildFile; fileRef = F949AB5E26B697BD00867A50 /* LaunchScreen.storyboard */; };
/* End PBXBuildFile section */

/* Begin PBXFileReference section */
		F949AB4D26B697BC00867A50 /* SwiftUiLogin in.app */ = {isa = PBXFileReference; explicitFileType = wrapper.application; includeInIndex = 0; path = "SwiftUiLogin in.app"; sourceTree = BUILT_PRODUCTS_DIR; };
		F949AB5026B697BC00867A50 /* AppDelegate.swift */ = {isa = PBXFileReference; lastKnownFileType = sourcecode.swift; path = AppDelegate.swift; sourceTree = "<group>"; };
		F949AB5226B697BC00867A50 /* SceneDelegate.swift */ = {isa = PBXFileReference; lastKnownFileType = sourcecode.swift; path = SceneDelegate.swift; sourceTree = "<group>"; };
		F949AB5426B697BC00867A50 /* ContentView.swift */ = {isa = PBXFileReference; lastKnownFileType = sourcecode.swift; path = ContentView.swift; sourceTree = "<group>"; };
		F949AB5726B697BC00867A50 /* SwiftUiLogin_in.xcdatamodel */ = {isa = PBXFileReference; lastKnownFileType = wrapper.xcdatamodel; path = SwiftUiLogin_in.xcdatamodel; sourceTree = "<group>"; };
		F949AB5926B697BD00867A50 /* Assets.xcassets */ = {isa = PBXFileReference; lastKnownFileType = folder.assetcatalog; path = Assets.xcassets; sourceTree = "<group>"; };
		F949AB5C26B697BD00867A50 /* Preview Assets.xcassets */ = {isa = PBXFileReference; lastKnownFileType = folder.assetcatalog; path = "Preview Assets.xcassets"; sourceTree = "<group>"; };
		F949AB5F26B697BD00867A50 /* Base */ = {isa = PBXFileReference; lastKnownFileType = file.storyboard; name = Base; path = Base.lproj/LaunchScreen.storyboard; sourceTree = "<group>"; };
		F949AB6126B697BD00867A50 /* Info.plist */ = {isa = PBXFileReference; lastKnownFileType = text.plist.xml; path = Info.plist; sourceTree = "<group>"; };
/* End PBXFileReference section */

/* Begin PBXFrameworksBuildPhase section */
		F949AB4A26B697BC00867A50 /* Frameworks */ = {
			isa = PBXFrameworksBuildPhase;
			buildActionMask = 2147483647;
			files = (
			);
			runOnlyForDeploymentPostprocessing = 0;
		};
/* End PBXFrameworksBuildPhase section */

/* Begin PBXGroup section */
		F949AB4426B697BC00867A50 = {
			isa = PBXGroup;
			children = (
				F949AB4F26B697BC00867A50 /* SwiftUiLogin in */,
				F949AB4E26B697BC00867A50 /* Products */,
			);
			sourceTree = "<group>";
		};
		F949AB4E26B697BC00867A50 /* Products */ = {
			isa = PBXGroup;
			children = (
				F949AB4D26B697BC00867A50 /* SwiftUiLogin in.app */,
			);
			name = Products;
			sourceTree = "<group>";
		};
		F949AB4F26B697BC00867A50 /* SwiftUiLogin in */ = {
			isa = PBXGroup;
			children = (
				F949AB5026B697BC00867A50 /* AppDelegate.swift */,
				F949AB5226B697BC00867A50 /* SceneDelegate.swift */,
				F949AB5426B697BC00867A50 /* ContentView.swift */,
				F949AB5926B697BD00867A50 /* Assets.xcassets */,
				F949AB5E26B697BD00867A50 /* LaunchScreen.storyboard */,
				F949AB6126B697BD00867A50 /* Info.plist */,
				F949AB5626B697BC00867A50 /* SwiftUiLogin_in.xcdatamodeld */,
				F949AB5B26B697BD00867A50 /* Preview Content */,
			);
			path = "SwiftUiLogin in";
			sourceTree = "<group>";
		};
		F949AB5B26B697BD00867A50 /* Preview Content */ = {
			isa = PBXGroup;
			children = (
				F949AB5C26B697BD00867A50 /* Preview Assets.xcassets */,
			);
			path = "Preview Content";
			sourceTree = "<group>";
		};
/* End PBXGroup section */

/* Begin PBXNativeTarget section */
		F949AB4C26B697BC00867A50 /* SwiftUiLogin in */ = {
			isa = PBXNativeTarget;
			buildConfigurationList = F949AB6426B697BD00867A50 /* Build configuration list for PBXNativeTarget "SwiftUiLogin in" */;
			buildPhases = (
				F949AB4926B697BC00867A50 /* Sources */,
				F949AB4A26B697BC00867A50 /* Frameworks */,
				F949AB4B26B697BC00867A50 /* Resources */,
			);
			buildRules = (
			);
			dependencies = (
			);
			name = "SwiftUiLogin in";
			productName = "SwiftUiLogin in";
			productReference = F949AB4D26B697BC00867A50 /* SwiftUiLogin in.app */;
			productType = "com.apple.product-type.application";
		};
/* End PBXNativeTarget section */

/* Begin PBXProject section */
		F949AB4526B697BC00867A50 /* Project object */ = {
			isa = PBXProject;
			attributes = {
				LastSwiftUpdateCheck = 1250;
				LastUpgradeCheck = 1250;
				TargetAttributes = {
					F949AB4C26B697BC00867A50 = {
						CreatedOnToolsVersion = 12.5.1;
					};
				};
			};
			buildConfigurationList = F949AB4826B697BC00867A50 /* Build configuration list for PBXProject "SwiftUiLogin in" */;
			compatibilityVersion = "Xcode 9.3";
			developmentRegion = en;
			hasScannedForEncodings = 0;
			knownRegions = (
				en,
				Base,
			);
			mainGroup = F949AB4426B697BC00867A50;
			productRefGroup = F949AB4E26B697BC00867A50 /* Products */;
			projectDirPath = "";
			projectRoot = "";
			targets = (
				F949AB4C26B697BC00867A50 /* SwiftUiLogin in */,
			);
		};
/* End PBXProject section */

/* Begin PBXResourcesBuildPhase section */
		F949AB4B26B697BC00867A50 /* Resources */ = {
			isa = PBXResourcesBuildPhase;
			buildActionMask = 2147483647;
			files = (
				F949AB6026B697BD00867A50 /* LaunchScreen.storyboard in Resources */,
				F949AB5D26B697BD00867A50 /* Preview Assets.xcassets in Resources */,
				F949AB5A26B697BD00867A50 /* Assets.xcassets in Resources */,
			);
			runOnlyForDeploymentPostprocessing = 0;
		};
/* End PBXResourcesBuildPhase section */

/* Begin PBXSourcesBuildPhase section */
		F949AB4926B697BC00867A50 /* Sources */ = {
			isa = PBXSourcesBuildPhase;
			buildActionMask = 2147483647;
			files = (
				F949AB5126B697BC00867A50 /* AppDelegate.swift in Sources */,
				F949AB5326B697BC00867A50 /* SceneDelegate.swift in Sources */,
				F949AB5826B697BC00867A50 /* SwiftUiLogin_in.xcdatamodeld in Sources */,
				F949AB5526B697BC00867A50 /* ContentView.swift in Sources */,
			);
			runOnlyForDeploymentPostprocessing = 0;
		};
/* End PBXSourcesBuildPhase section */

/* Begin PBXVariantGroup section */
		F949AB5E26B697BD00867A50 /* LaunchScreen.storyboard */ = {
			isa = PBXVariantGroup;
			children = (
				F949AB5F26B697BD00867A50 /* Base */,
			);
			name = LaunchScreen.storyboard;
			sourceTree = "<group>";
		};
/* End PBXVariantGroup section */

/* Begin XCBuildConfiguration section */
		F949AB6226B697BD00867A50 /* Debug */ = {
			isa = XCBuildConfiguration;
			buildSettings = {
				ALWAYS_SEARCH_USER_PATHS = NO;
				CLANG_ANALYZER_NONNULL = YES;
				CLANG_ANALYZER_NUMBER_OBJECT_CONVERSION = YES_AGGRESSIVE;
				CLANG_CXX_LANGUAGE_STANDARD = "gnu++14";
				CLANG_CXX_LIBRARY = "libc++";
				CLANG_ENABLE_MODULES = YES;
				CLANG_ENABLE_OBJC_ARC = YES;
				CLANG_ENABLE_OBJC_WEAK = YES;
				CLANG_WARN_BLOCK_CAPTURE_AUTORELEASING = YES;
				CLANG_WARN_BOOL_CONVERSION = YES;
				CLANG_WARN_COMMA = YES;
				CLANG_WARN_CONSTANT_CONVERSION = YES;
				CLANG_WARN_DEPRECATED_OBJC_IMPLEMENTATIONS = YES;
				CLANG_WARN_DIRECT_OBJC_ISA_USAGE = YES_ERROR;
				CLANG_WARN_DOCUMENTATION_COMMENTS = YES;
				CLANG_WARN_EMPTY_BODY = YES;
				CLANG_WARN_ENUM_CONVERSION = YES;
				CLANG_WARN_INFINITE_RECURSION = YES;
				CLANG_WARN_INT_CONVERSION = YES;
				CLANG_WARN_NON_LITERAL_NULL_CONVERSION = YES;
				CLANG_WARN_OBJC_IMPLICIT_RETAIN_SELF = YES;
				CLANG_WARN_OBJC_LITERAL_CONVERSION = YES;
				CLANG_WARN_OBJC_ROOT_CLASS = YES_ERROR;
				CLANG_WARN_QUOTED_INCLUDE_IN_FRAMEWORK_HEADER = YES;
				CLANG_WARN_RANGE_LOOP_ANALYSIS = YES;
				CLANG_WARN_STRICT_PROTOTYPES = YES;
				CLANG_WARN_SUSPICIOUS_MOVE = YES;
				CLANG_WARN_UNGUARDED_AVAILABILITY = YES_AGGRESSIVE;
				CLANG_WARN_UNREACHABLE_CODE = YES;
				CLANG_WARN__DUPLICATE_METHOD_MATCH = YES;
				COPY_PHASE_STRIP = NO;
				DEBUG_INFORMATION_FORMAT = dwarf;
				ENABLE_STRICT_OBJC_MSGSEND = YES;
				ENABLE_TESTABILITY = YES;
				GCC_C_LANGUAGE_STANDARD = gnu11;
				GCC_DYNAMIC_NO_PIC = NO;
				GCC_NO_COMMON_BLOCKS = YES;
				GCC_OPTIMIZATION_LEVEL = 0;
				GCC_PREPROCESSOR_DEFINITIONS = (
					"DEBUG=1",
					"$(inherited)",
				);
				GCC_WARN_64_TO_32_BIT_CONVERSION = YES;
				GCC_WARN_ABOUT_RETURN_TYPE = YES_ERROR;
				GCC_WARN_UNDECLARED_SELECTOR = YES;
				GCC_WARN_UNINITIALIZED_AUTOS = YES_AGGRESSIVE;
				GCC_WARN_UNUSED_FUNCTION = YES;
				GCC_WARN_UNUSED_VARIABLE = YES;
				IPHONEOS_DEPLOYMENT_TARGET = 14.5;
				MTL_ENABLE_DEBUG_INFO = INCLUDE_SOURCE;
				MTL_FAST_MATH = YES;
				ONLY_ACTIVE_ARCH = YES;
				SDKROOT = iphoneos;
				SWIFT_ACTIVE_COMPILATION_CONDITIONS = DEBUG;
				SWIFT_OPTIMIZATION_LEVEL = "-Onone";
			};
			name = Debug;
		};
		F949AB6326B697BD00867A50 /* Release */ = {
			isa = XCBuildConfiguration;
			buildSettings = {
				ALWAYS_SEARCH_USER_PATHS = NO;
				CLANG_ANALYZER_NONNULL = YES;
				CLANG_ANALYZER_NUMBER_OBJECT_CONVERSION = YES_AGGRESSIVE;
				CLANG_CXX_LANGUAGE_STANDARD = "gnu++14";
				CLANG_CXX_LIBRARY = "libc++";
				CLANG_ENABLE_MODULES = YES;
				CLANG_ENABLE_OBJC_ARC = YES;
				CLANG_ENABLE_OBJC_WEAK = YES;
				CLANG_WARN_BLOCK_CAPTURE_AUTORELEASING = YES;
				CLANG_WARN_BOOL_CONVERSION = YES;
				CLANG_WARN_COMMA = YES;
				CLANG_WARN_CONSTANT_CONVERSION = YES;
				CLANG_WARN_DEPRECATED_OBJC_IMPLEMENTATIONS = YES;
				CLANG_WARN_DIRECT_OBJC_ISA_USAGE = YES_ERROR;
				CLANG_WARN_DOCUMENTATION_COMMENTS = YES;
				CLANG_WARN_EMPTY_BODY = YES;
				CLANG_WARN_ENUM_CONVERSION = YES;
				CLANG_WARN_INFINITE_RECURSION = YES;
				CLANG_WARN_INT_CONVERSION = YES;
				CLANG_WARN_NON_LITERAL_NULL_CONVERSION = YES;
				CLANG_WARN_OBJC_IMPLICIT_RETAIN_SELF = YES;
				CLANG_WARN_OBJC_LITERAL_CONVERSION = YES;
				CLANG_WARN_OBJC_ROOT_CLASS = YES_ERROR;
				CLANG_WARN_QUOTED_INCLUDE_IN_FRAMEWORK_HEADER = YES;
				CLANG_WARN_RANGE_LOOP_ANALYSIS = YES;
				CLANG_WARN_STRICT_PROTOTYPES = YES;
				CLANG_WARN_SUSPICIOUS_MOVE = YES;
				CLANG_WARN_UNGUARDED_AVAILABILITY = YES_AGGRESSIVE;
				CLANG_WARN_UNREACHABLE_CODE = YES;
				CLANG_WARN__DUPLICATE_METHOD_MATCH = YES;
				COPY_PHASE_STRIP = NO;
				DEBUG_INFORMATION_FORMAT = "dwarf-with-dsym";
				ENABLE_NS_ASSERTIONS = NO;
				ENABLE_STRICT_OBJC_MSGSEND = YES;
				GCC_C_LANGUAGE_STANDARD = gnu11;
				GCC_NO_COMMON_BLOCKS = YES;
				GCC_WARN_64_TO_32_BIT_CONVERSION = YES;
				GCC_WARN_ABOUT_RETURN_TYPE = YES_ERROR;
				GCC_WARN_UNDECLARED_SELECTOR = YES;
				GCC_WARN_UNINITIALIZED_AUTOS = YES_AGGRESSIVE;
				GCC_WARN_UNUSED_FUNCTION = YES;
				GCC_WARN_UNUSED_VARIABLE = YES;
				IPHONEOS_DEPLOYMENT_TARGET = 14.5;
				MTL_ENABLE_DEBUG_INFO = NO;
				MTL_FAST_MATH = YES;
				SDKROOT = iphoneos;
				SWIFT_COMPILATION_MODE = wholemodule;
				SWIFT_OPTIMIZATION_LEVEL = "-O";
				VALIDATE_PRODUCT = YES;
			};
			name = Release;
		};
		F949AB6526B697BD00867A50 /* Debug */ = {
			isa = XCBuildConfiguration;
			buildSettings = {
				ASSETCATALOG_COMPILER_APPICON_NAME = AppIcon;
				ASSETCATALOG_COMPILER_GLOBAL_ACCENT_COLOR_NAME = AccentColor;
				CODE_SIGN_STYLE = Automatic;
				DEVELOPMENT_ASSET_PATHS = "\"SwiftUiLogin in/Preview Content\"";
				DEVELOPMENT_TEAM = CH3KBM2ZDC;
				ENABLE_PREVIEWS = YES;
				INFOPLIST_FILE = "SwiftUiLogin in/Info.plist";
				LD_RUNPATH_SEARCH_PATHS = (
					"$(inherited)",
					"@executable_path/Frameworks",
				);
				PRODUCT_BUNDLE_IDENTIFIER = "well.SwiftUiLogin-in";
				PRODUCT_NAME = "$(TARGET_NAME)";
				SWIFT_VERSION = 5.0;
				TARGETED_DEVICE_FAMILY = "1,2";
			};
			name = Debug;
		};
		F949AB6626B697BD00867A50 /* Release */ = {
			isa = XCBuildConfiguration;
			buildSettings = {
				ASSETCATALOG_COMPILER_APPICON_NAME = AppIcon;
				ASSETCATALOG_COMPILER_GLOBAL_ACCENT_COLOR_NAME = AccentColor;
				CODE_SIGN_STYLE = Automatic;
				DEVELOPMENT_ASSET_PATHS = "\"SwiftUiLogin in/Preview Content\"";
				DEVELOPMENT_TEAM = CH3KBM2ZDC;
				ENABLE_PREVIEWS = YES;
				INFOPLIST_FILE = "SwiftUiLogin in/Info.plist";
				LD_RUNPATH_SEARCH_PATHS = (
					"$(inherited)",
					"@executable_path/Frameworks",
				);
				PRODUCT_BUNDLE_IDENTIFIER = "well.SwiftUiLogin-in";
				PRODUCT_NAME = "$(TARGET_NAME)";
				SWIFT_VERSION = 5.0;
				TARGETED_DEVICE_FAMILY = "1,2";
			};
			name = Release;
		};
/* End XCBuildConfiguration section */

/* Begin XCConfigurationList section */
		F949AB4826B697BC00867A50 /* Build configuration list for PBXProject "SwiftUiLogin in" */ = {
			isa = XCConfigurationList;
			buildConfigurations = (
				F949AB6226B697BD00867A50 /* Debug */,
				F949AB6326B697BD00867A50 /* Release */,
			);
			defaultConfigurationIsVisible = 0;
			defaultConfigurationName = Release;
		};
		F949AB6426B697BD00867A50 /* Build configuration list for PBXNativeTarget "SwiftUiLogin in" */ = {
			isa = XCConfigurationList;
			buildConfigurations = (
				F949AB6526B697BD00867A50 /* Debug */,
				F949AB6626B697BD00867A50 /* Release */,
			);
			defaultConfigurationIsVisible = 0;
			defaultConfigurationName = Release;
		};
/* End XCConfigurationList section */

/* Begin XCVersionGroup section */
		F949AB5626B697BC00867A50 /* SwiftUiLogin_in.xcdatamodeld */ = {
			isa = XCVersionGroup;
			children = (
				F949AB5726B697BC00867A50 /* SwiftUiLogin_in.xcdatamodel */,
			);
			currentVersion = F949AB5726B697BC00867A50 /* SwiftUiLogin_in.xcdatamodel */;
			path = SwiftUiLogin_in.xcdatamodeld;
			sourceTree = "<group>";
			versionGroupType = wrapper.xcdatamodel;
		};
/* End XCVersionGroup section */
	};
	rootObject = F949AB4526B697BC00867A50 /* Project object */;
}
