// !$*UTF8*$!
{
	archiveVersion = 1;
	classes = {
	};
	objectVersion = 50;
	objects = {

/* Begin PBXBuildFile section */
		F9F902CF2685B0850052C3E1 /* AppDelegate.swift in Sources */ = {isa = PBXBuildFile; fileRef = F9F902CE2685B0850052C3E1 /* AppDelegate.swift */; };
		F9F902D12685B0850052C3E1 /* SceneDelegate.swift in Sources */ = {isa = PBXBuildFile; fileRef = F9F902D02685B0850052C3E1 /* SceneDelegate.swift */; };
		F9F902D62685B0850052C3E1 /* Main.storyboard in Resources */ = {isa = PBXBuildFile; fileRef = F9F902D42685B0850052C3E1 /* Main.storyboard */; };
		F9F902D82685B0860052C3E1 /* Assets.xcassets in Resources */ = {isa = PBXBuildFile; fileRef = F9F902D72685B0860052C3E1 /* Assets.xcassets */; };
		F9F902DB2685B0860052C3E1 /* LaunchScreen.storyboard in Resources */ = {isa = PBXBuildFile; fileRef = F9F902D92685B0860052C3E1 /* LaunchScreen.storyboard */; };
		F9F902E52685B55F0052C3E1 /* RestaurantTableViewController.swift in Sources */ = {isa = PBXBuildFile; fileRef = F9F902E42685B55F0052C3E1 /* RestaurantTableViewController.swift */; };
		F9F903072686F0EA0052C3E1 /* RestaurantTableViewCell.swift in Sources */ = {isa = PBXBuildFile; fileRef = F9F903062686F0EA0052C3E1 /* RestaurantTableViewCell.swift */; };
		F9F903092689F2520052C3E1 /* Restaurant.swift in Sources */ = {isa = PBXBuildFile; fileRef = F9F903082689F2520052C3E1 /* Restaurant.swift */; };
/* End PBXBuildFile section */

/* Begin PBXFileReference section */
		F9F902CB2685B0850052C3E1 /* Foodpin.app */ = {isa = PBXFileReference; explicitFileType = wrapper.application; includeInIndex = 0; path = Foodpin.app; sourceTree = BUILT_PRODUCTS_DIR; };
		F9F902CE2685B0850052C3E1 /* AppDelegate.swift */ = {isa = PBXFileReference; lastKnownFileType = sourcecode.swift; path = AppDelegate.swift; sourceTree = "<group>"; };
		F9F902D02685B0850052C3E1 /* SceneDelegate.swift */ = {isa = PBXFileReference; lastKnownFileType = sourcecode.swift; path = SceneDelegate.swift; sourceTree = "<group>"; };
		F9F902D52685B0850052C3E1 /* Base */ = {isa = PBXFileReference; lastKnownFileType = file.storyboard; name = Base; path = Base.lproj/Main.storyboard; sourceTree = "<group>"; };
		F9F902D72685B0860052C3E1 /* Assets.xcassets */ = {isa = PBXFileReference; lastKnownFileType = folder.assetcatalog; path = Assets.xcassets; sourceTree = "<group>"; };
		F9F902DA2685B0860052C3E1 /* Base */ = {isa = PBXFileReference; lastKnownFileType = file.storyboard; name = Base; path = Base.lproj/LaunchScreen.storyboard; sourceTree = "<group>"; };
		F9F902DC2685B0860052C3E1 /* Info.plist */ = {isa = PBXFileReference; lastKnownFileType = text.plist.xml; path = Info.plist; sourceTree = "<group>"; };
		F9F902E42685B55F0052C3E1 /* RestaurantTableViewController.swift */ = {isa = PBXFileReference; lastKnownFileType = sourcecode.swift; path = RestaurantTableViewController.swift; sourceTree = "<group>"; };
		F9F903062686F0EA0052C3E1 /* RestaurantTableViewCell.swift */ = {isa = PBXFileReference; lastKnownFileType = sourcecode.swift; path = RestaurantTableViewCell.swift; sourceTree = "<group>"; };
		F9F903082689F2520052C3E1 /* Restaurant.swift */ = {isa = PBXFileReference; lastKnownFileType = sourcecode.swift; path = Restaurant.swift; sourceTree = "<group>"; };
/* End PBXFileReference section */

/* Begin PBXFrameworksBuildPhase section */
		F9F902C82685B0850052C3E1 /* Frameworks */ = {
			isa = PBXFrameworksBuildPhase;
			buildActionMask = 2147483647;
			files = (
			);
			runOnlyForDeploymentPostprocessing = 0;
		};
/* End PBXFrameworksBuildPhase section */

/* Begin PBXGroup section */
		F9F902C22685B0850052C3E1 = {
			isa = PBXGroup;
			children = (
				F9F902CD2685B0850052C3E1 /* Foodpin */,
				F9F902CC2685B0850052C3E1 /* Products */,
			);
			sourceTree = "<group>";
		};
		F9F902CC2685B0850052C3E1 /* Products */ = {
			isa = PBXGroup;
			children = (
				F9F902CB2685B0850052C3E1 /* Foodpin.app */,
			);
			name = Products;
			sourceTree = "<group>";
		};
		F9F902CD2685B0850052C3E1 /* Foodpin */ = {
			isa = PBXGroup;
			children = (
				F9F9030D268AFBE50052C3E1 /* Storyboard */,
				F9F9030B268AFBB50052C3E1 /* Model */,
				F9F9030C268AFBBF0052C3E1 /* View */,
				F9F9030A268AFB920052C3E1 /* Controller */,
				F9F902CE2685B0850052C3E1 /* AppDelegate.swift */,
				F9F902D02685B0850052C3E1 /* SceneDelegate.swift */,
				F9F902D72685B0860052C3E1 /* Assets.xcassets */,
				F9F902DC2685B0860052C3E1 /* Info.plist */,
			);
			path = Foodpin;
			sourceTree = "<group>";
		};
		F9F9030A268AFB920052C3E1 /* Controller */ = {
			isa = PBXGroup;
			children = (
				F9F902E42685B55F0052C3E1 /* RestaurantTableViewController.swift */,
			);
			path = Controller;
			sourceTree = "<group>";
		};
		F9F9030B268AFBB50052C3E1 /* Model */ = {
			isa = PBXGroup;
			children = (
				F9F903082689F2520052C3E1 /* Restaurant.swift */,
			);
			path = Model;
			sourceTree = "<group>";
		};
		F9F9030C268AFBBF0052C3E1 /* View */ = {
			isa = PBXGroup;
			children = (
				F9F903062686F0EA0052C3E1 /* RestaurantTableViewCell.swift */,
			);
			path = View;
			sourceTree = "<group>";
		};
		F9F9030D268AFBE50052C3E1 /* Storyboard */ = {
			isa = PBXGroup;
			children = (
				F9F902D42685B0850052C3E1 /* Main.storyboard */,
				F9F902D92685B0860052C3E1 /* LaunchScreen.storyboard */,
			);
			path = Storyboard;
			sourceTree = "<group>";
		};
/* End PBXGroup section */

/* Begin PBXNativeTarget section */
		F9F902CA2685B0850052C3E1 /* Foodpin */ = {
			isa = PBXNativeTarget;
			buildConfigurationList = F9F902DF2685B0860052C3E1 /* Build configuration list for PBXNativeTarget "Foodpin" */;
			buildPhases = (
				F9F902C72685B0850052C3E1 /* Sources */,
				F9F902C82685B0850052C3E1 /* Frameworks */,
				F9F902C92685B0850052C3E1 /* Resources */,
			);
			buildRules = (
			);
			dependencies = (
			);
			name = Foodpin;
			productName = Foodpin;
			productReference = F9F902CB2685B0850052C3E1 /* Foodpin.app */;
			productType = "com.apple.product-type.application";
		};
/* End PBXNativeTarget section */

/* Begin PBXProject section */
		F9F902C32685B0850052C3E1 /* Project object */ = {
			isa = PBXProject;
			attributes = {
				LastSwiftUpdateCheck = 1250;
				LastUpgradeCheck = 1250;
				TargetAttributes = {
					F9F902CA2685B0850052C3E1 = {
						CreatedOnToolsVersion = 12.5;
					};
				};
			};
			buildConfigurationList = F9F902C62685B0850052C3E1 /* Build configuration list for PBXProject "Foodpin" */;
			compatibilityVersion = "Xcode 9.3";
			developmentRegion = en;
			hasScannedForEncodings = 0;
			knownRegions = (
				en,
				Base,
			);
			mainGroup = F9F902C22685B0850052C3E1;
			productRefGroup = F9F902CC2685B0850052C3E1 /* Products */;
			projectDirPath = "";
			projectRoot = "";
			targets = (
				F9F902CA2685B0850052C3E1 /* Foodpin */,
			);
		};
/* End PBXProject section */

/* Begin PBXResourcesBuildPhase section */
		F9F902C92685B0850052C3E1 /* Resources */ = {
			isa = PBXResourcesBuildPhase;
			buildActionMask = 2147483647;
			files = (
				F9F902DB2685B0860052C3E1 /* LaunchScreen.storyboard in Resources */,
				F9F902D82685B0860052C3E1 /* Assets.xcassets in Resources */,
				F9F902D62685B0850052C3E1 /* Main.storyboard in Resources */,
			);
			runOnlyForDeploymentPostprocessing = 0;
		};
/* End PBXResourcesBuildPhase section */

/* Begin PBXSourcesBuildPhase section */
		F9F902C72685B0850052C3E1 /* Sources */ = {
			isa = PBXSourcesBuildPhase;
			buildActionMask = 2147483647;
			files = (
				F9F903092689F2520052C3E1 /* Restaurant.swift in Sources */,
				F9F903072686F0EA0052C3E1 /* RestaurantTableViewCell.swift in Sources */,
				F9F902CF2685B0850052C3E1 /* AppDelegate.swift in Sources */,
				F9F902D12685B0850052C3E1 /* SceneDelegate.swift in Sources */,
				F9F902E52685B55F0052C3E1 /* RestaurantTableViewController.swift in Sources */,
			);
			runOnlyForDeploymentPostprocessing = 0;
		};
/* End PBXSourcesBuildPhase section */

/* Begin PBXVariantGroup section */
		F9F902D42685B0850052C3E1 /* Main.storyboard */ = {
			isa = PBXVariantGroup;
			children = (
				F9F902D52685B0850052C3E1 /* Base */,
			);
			name = Main.storyboard;
			sourceTree = "<group>";
		};
		F9F902D92685B0860052C3E1 /* LaunchScreen.storyboard */ = {
			isa = PBXVariantGroup;
			children = (
				F9F902DA2685B0860052C3E1 /* Base */,
			);
			name = LaunchScreen.storyboard;
			sourceTree = "<group>";
		};
/* End PBXVariantGroup section */

/* Begin XCBuildConfiguration section */
		F9F902DD2685B0860052C3E1 /* Debug */ = {
			isa = XCBuildConfiguration;
			buildSettings = {
				ALWAYS_SEARCH_USER_PATHS = NO;
				CLANG_ANALYZER_NONNULL = YES;
				CLANG_ANALYZER_NUMBER_OBJECT_CONVERSION = YES_AGGRESSIVE;
				CLANG_CXX_LANGUAGE_STANDARD = "gnu++14";
				CLANG_CXX_LIBRARY = "libc++";
				CLANG_ENABLE_MODULES = YES;
				CLANG_ENABLE_OBJC_ARC = YES;
				CLANG_ENABLE_OBJC_WEAK = YES;
				CLANG_WARN_BLOCK_CAPTURE_AUTORELEASING = YES;
				CLANG_WARN_BOOL_CONVERSION = YES;
				CLANG_WARN_COMMA = YES;
				CLANG_WARN_CONSTANT_CONVERSION = YES;
				CLANG_WARN_DEPRECATED_OBJC_IMPLEMENTATIONS = YES;
				CLANG_WARN_DIRECT_OBJC_ISA_USAGE = YES_ERROR;
				CLANG_WARN_DOCUMENTATION_COMMENTS = YES;
				CLANG_WARN_EMPTY_BODY = YES;
				CLANG_WARN_ENUM_CONVERSION = YES;
				CLANG_WARN_INFINITE_RECURSION = YES;
				CLANG_WARN_INT_CONVERSION = YES;
				CLANG_WARN_NON_LITERAL_NULL_CONVERSION = YES;
				CLANG_WARN_OBJC_IMPLICIT_RETAIN_SELF = YES;
				CLANG_WARN_OBJC_LITERAL_CONVERSION = YES;
				CLANG_WARN_OBJC_ROOT_CLASS = YES_ERROR;
				CLANG_WARN_QUOTED_INCLUDE_IN_FRAMEWORK_HEADER = YES;
				CLANG_WARN_RANGE_LOOP_ANALYSIS = YES;
				CLANG_WARN_STRICT_PROTOTYPES = YES;
				CLANG_WARN_SUSPICIOUS_MOVE = YES;
				CLANG_WARN_UNGUARDED_AVAILABILITY = YES_AGGRESSIVE;
				CLANG_WARN_UNREACHABLE_CODE = YES;
				CLANG_WARN__DUPLICATE_METHOD_MATCH = YES;
				COPY_PHASE_STRIP = NO;
				DEBUG_INFORMATION_FORMAT = dwarf;
				ENABLE_STRICT_OBJC_MSGSEND = YES;
				ENABLE_TESTABILITY = YES;
				GCC_C_LANGUAGE_STANDARD = gnu11;
				GCC_DYNAMIC_NO_PIC = NO;
				GCC_NO_COMMON_BLOCKS = YES;
				GCC_OPTIMIZATION_LEVEL = 0;
				GCC_PREPROCESSOR_DEFINITIONS = (
					"DEBUG=1",
					"$(inherited)",
				);
				GCC_WARN_64_TO_32_BIT_CONVERSION = YES;
				GCC_WARN_ABOUT_RETURN_TYPE = YES_ERROR;
				GCC_WARN_UNDECLARED_SELECTOR = YES;
				GCC_WARN_UNINITIALIZED_AUTOS = YES_AGGRESSIVE;
				GCC_WARN_UNUSED_FUNCTION = YES;
				GCC_WARN_UNUSED_VARIABLE = YES;
				IPHONEOS_DEPLOYMENT_TARGET = 14.5;
				MTL_ENABLE_DEBUG_INFO = INCLUDE_SOURCE;
				MTL_FAST_MATH = YES;
				ONLY_ACTIVE_ARCH = YES;
				SDKROOT = iphoneos;
				SWIFT_ACTIVE_COMPILATION_CONDITIONS = DEBUG;
				SWIFT_OPTIMIZATION_LEVEL = "-Onone";
			};
			name = Debug;
		};
		F9F902DE2685B0860052C3E1 /* Release */ = {
			isa = XCBuildConfiguration;
			buildSettings = {
				ALWAYS_SEARCH_USER_PATHS = NO;
				CLANG_ANALYZER_NONNULL = YES;
				CLANG_ANALYZER_NUMBER_OBJECT_CONVERSION = YES_AGGRESSIVE;
				CLANG_CXX_LANGUAGE_STANDARD = "gnu++14";
				CLANG_CXX_LIBRARY = "libc++";
				CLANG_ENABLE_MODULES = YES;
				CLANG_ENABLE_OBJC_ARC = YES;
				CLANG_ENABLE_OBJC_WEAK = YES;
				CLANG_WARN_BLOCK_CAPTURE_AUTORELEASING = YES;
				CLANG_WARN_BOOL_CONVERSION = YES;
				CLANG_WARN_COMMA = YES;
				CLANG_WARN_CONSTANT_CONVERSION = YES;
				CLANG_WARN_DEPRECATED_OBJC_IMPLEMENTATIONS = YES;
				CLANG_WARN_DIRECT_OBJC_ISA_USAGE = YES_ERROR;
				CLANG_WARN_DOCUMENTATION_COMMENTS = YES;
				CLANG_WARN_EMPTY_BODY = YES;
				CLANG_WARN_ENUM_CONVERSION = YES;
				CLANG_WARN_INFINITE_RECURSION = YES;
				CLANG_WARN_INT_CONVERSION = YES;
				CLANG_WARN_NON_LITERAL_NULL_CONVERSION = YES;
				CLANG_WARN_OBJC_IMPLICIT_RETAIN_SELF = YES;
				CLANG_WARN_OBJC_LITERAL_CONVERSION = YES;
				CLANG_WARN_OBJC_ROOT_CLASS = YES_ERROR;
				CLANG_WARN_QUOTED_INCLUDE_IN_FRAMEWORK_HEADER = YES;
				CLANG_WARN_RANGE_LOOP_ANALYSIS = YES;
				CLANG_WARN_STRICT_PROTOTYPES = YES;
				CLANG_WARN_SUSPICIOUS_MOVE = YES;
				CLANG_WARN_UNGUARDED_AVAILABILITY = YES_AGGRESSIVE;
				CLANG_WARN_UNREACHABLE_CODE = YES;
				CLANG_WARN__DUPLICATE_METHOD_MATCH = YES;
				COPY_PHASE_STRIP = NO;
				DEBUG_INFORMATION_FORMAT = "dwarf-with-dsym";
				ENABLE_NS_ASSERTIONS = NO;
				ENABLE_STRICT_OBJC_MSGSEND = YES;
				GCC_C_LANGUAGE_STANDARD = gnu11;
				GCC_NO_COMMON_BLOCKS = YES;
				GCC_WARN_64_TO_32_BIT_CONVERSION = YES;
				GCC_WARN_ABOUT_RETURN_TYPE = YES_ERROR;
				GCC_WARN_UNDECLARED_SELECTOR = YES;
				GCC_WARN_UNINITIALIZED_AUTOS = YES_AGGRESSIVE;
				GCC_WARN_UNUSED_FUNCTION = YES;
				GCC_WARN_UNUSED_VARIABLE = YES;
				IPHONEOS_DEPLOYMENT_TARGET = 14.5;
				MTL_ENABLE_DEBUG_INFO = NO;
				MTL_FAST_MATH = YES;
				SDKROOT = iphoneos;
				SWIFT_COMPILATION_MODE = wholemodule;
				SWIFT_OPTIMIZATION_LEVEL = "-O";
				VALIDATE_PRODUCT = YES;
			};
			name = Release;
		};
		F9F902E02685B0860052C3E1 /* Debug */ = {
			isa = XCBuildConfiguration;
			buildSettings = {
				ASSETCATALOG_COMPILER_APPICON_NAME = AppIcon;
				ASSETCATALOG_COMPILER_GLOBAL_ACCENT_COLOR_NAME = AccentColor;
				CODE_SIGN_STYLE = Automatic;
				INFOPLIST_FILE = Foodpin/Info.plist;
				LD_RUNPATH_SEARCH_PATHS = (
					"$(inherited)",
					"@executable_path/Frameworks",
				);
				PRODUCT_BUNDLE_IDENTIFIER = well.Foodpin;
				PRODUCT_NAME = "$(TARGET_NAME)";
				SWIFT_VERSION = 5.0;
				TARGETED_DEVICE_FAMILY = "1,2";
			};
			name = Debug;
		};
		F9F902E12685B0860052C3E1 /* Release */ = {
			isa = XCBuildConfiguration;
			buildSettings = {
				ASSETCATALOG_COMPILER_APPICON_NAME = AppIcon;
				ASSETCATALOG_COMPILER_GLOBAL_ACCENT_COLOR_NAME = AccentColor;
				CODE_SIGN_STYLE = Automatic;
				INFOPLIST_FILE = Foodpin/Info.plist;
				LD_RUNPATH_SEARCH_PATHS = (
					"$(inherited)",
					"@executable_path/Frameworks",
				);
				PRODUCT_BUNDLE_IDENTIFIER = well.Foodpin;
				PRODUCT_NAME = "$(TARGET_NAME)";
				SWIFT_VERSION = 5.0;
				TARGETED_DEVICE_FAMILY = "1,2";
			};
			name = Release;
		};
/* End XCBuildConfiguration section */

/* Begin XCConfigurationList section */
		F9F902C62685B0850052C3E1 /* Build configuration list for PBXProject "Foodpin" */ = {
			isa = XCConfigurationList;
			buildConfigurations = (
				F9F902DD2685B0860052C3E1 /* Debug */,
				F9F902DE2685B0860052C3E1 /* Release */,
			);
			defaultConfigurationIsVisible = 0;
			defaultConfigurationName = Release;
		};
		F9F902DF2685B0860052C3E1 /* Build configuration list for PBXNativeTarget "Foodpin" */ = {
			isa = XCConfigurationList;
			buildConfigurations = (
				F9F902E02685B0860052C3E1 /* Debug */,
				F9F902E12685B0860052C3E1 /* Release */,
			);
			defaultConfigurationIsVisible = 0;
			defaultConfigurationName = Release;
		};
/* End XCConfigurationList section */
	};
	rootObject = F9F902C32685B0850052C3E1 /* Project object */;
}
